
Microsoft Visual Studio Solution File, Format Version 12.00
# Visual Studio Version 17
VisualStudioVersion = 17.7.34221.43
MinimumVisualStudioVersion = 10.0.40219.1
Project("{FAE04EC0-301F-11D3-BF4B-00C04F79EFBC}") = "QuizApp_Project3.Server", "Server\QuizApp_Project3.Server.csproj", "{229DD2CC-2179-4759-B5D8-8A3A06F3CED3}"
EndProject
Project("{FAE04EC0-301F-11D3-BF4B-00C04F79EFBC}") = "QuizApp_Project3.Client", "Client\QuizApp_Project3.Client.csproj", "{36FF0303-E38F-4584-9A2E-F78E6898C790}"
EndProject
Project("{FAE04EC0-301F-11D3-BF4B-00C04F79EFBC}") = "QuizApp_Project3.Shared", "Shared\QuizApp_Project3.Shared.csproj", "{9409AD34-B61D-4F35-8C47-E44FAD61133F}"
EndProject
Global
	GlobalSection(SolutionConfigurationPlatforms) = preSolution
		Debug|Any CPU = Debug|Any CPU
		Release|Any CPU = Release|Any CPU
	EndGlobalSection
	GlobalSection(ProjectConfigurationPlatforms) = postSolution
		{229DD2CC-2179-4759-B5D8-8A3A06F3CED3}.Debug|Any CPU.ActiveCfg = Debug|Any CPU
		{229DD2CC-2179-4759-B5D8-8A3A06F3CED3}.Debug|Any CPU.Build.0 = Debug|Any CPU
		{229DD2CC-2179-4759-B5D8-8A3A06F3CED3}.Release|Any CPU.ActiveCfg = Release|Any CPU
		{229DD2CC-2179-4759-B5D8-8A3A06F3CED3}.Release|Any CPU.Build.0 = Release|Any CPU
		{36FF0303-E38F-4584-9A2E-F78E6898C790}.Debug|Any CPU.ActiveCfg = Debug|Any CPU
		{36FF0303-E38F-4584-9A2E-F78E6898C790}.Debug|Any CPU.Build.0 = Debug|Any CPU
		{36FF0303-E38F-4584-9A2E-F78E6898C790}.Release|Any CPU.ActiveCfg = Release|Any CPU
		{36FF0303-E38F-4584-9A2E-F78E6898C790}.Release|Any CPU.Build.0 = Release|Any CPU
		{9409AD34-B61D-4F35-8C47-E44FAD61133F}.Debug|Any CPU.ActiveCfg = Debug|Any CPU
		{9409AD34-B61D-4F35-8C47-E44FAD61133F}.Debug|Any CPU.Build.0 = Debug|Any CPU
		{9409AD34-B61D-4F35-8C47-E44FAD61133F}.Release|Any CPU.ActiveCfg = Release|Any CPU
		{9409AD34-B61D-4F35-8C47-E44FAD61133F}.Release|Any CPU.Build.0 = Release|Any CPU
	EndGlobalSection
	GlobalSection(SolutionProperties) = preSolution
		HideSolutionNode = FALSE
	EndGlobalSection
	GlobalSection(ExtensibilityGlobals) = postSolution
		SolutionGuid = {378D9609-A349-4EF3-A78C-60956DA4E50E}
	EndGlobalSection
EndGlobal
